
Microsoft Visual Studio Solution File, Format Version 12.00
# Visual Studio Version 16
VisualStudioVersion = 16.0.30804.86
MinimumVisualStudioVersion = 10.0.40219.1
Project("{FAE04EC0-301F-11D3-BF4B-00C04F79EFBC}") = "LoginDemo", "LoginDemo\LoginDemo.csproj", "{67308039-5595-496B-BD07-111BCABCC375}"
EndProject
Global
	GlobalSection(SolutionConfigurationPlatforms) = preSolution
		Debug|Any CPU = Debug|Any CPU
		Release|Any CPU = Release|Any CPU
	EndGlobalSection
	GlobalSection(ProjectConfigurationPlatforms) = postSolution
		{67308039-5595-496B-BD07-111BCABCC375}.Debug|Any CPU.ActiveCfg = Debug|Any CPU
		{67308039-5595-496B-BD07-111BCABCC375}.Debug|Any CPU.Build.0 = Debug|Any CPU
		{67308039-5595-496B-BD07-111BCABCC375}.Release|Any CPU.ActiveCfg = Release|Any CPU
		{67308039-5595-496B-BD07-111BCABCC375}.Release|Any CPU.Build.0 = Release|Any CPU
	EndGlobalSection
	GlobalSection(SolutionProperties) = preSolution
		HideSolutionNode = FALSE
	EndGlobalSection
	GlobalSection(ExtensibilityGlobals) = postSolution
		SolutionGuid = {C936B6D3-F8A3-4CD1-8A72-1C7F6F389DC5}
	EndGlobalSection
EndGlobal
